<?xml version="1.0" encoding="utf-8"?>
<Project ToolsVersion="4.0" xmlns="http://schemas.microsoft.com/developer/msbuild/2003">
  <ItemGroup>
    <Filter Include="Source Files">
      <UniqueIdentifier>{4FC737F1-C7A5-4376-A066-2A32D752A2FF}</UniqueIdentifier>
      <Extensions>cpp;c;cc;cxx;c++;cppm;ixx;def;odl;idl;hpj;bat;asm;asmx</Extensions>
    </Filter>
    <Filter Include="Header Files">
      <UniqueIdentifier>{93995380-89BD-4b04-88EB-625FBE52EBFB}</UniqueIdentifier>
      <Extensions>h;hh;hpp;hxx;h++;hm;inl;inc;ipp;xsd</Extensions>
    </Filter>
    <Filter Include="Resource Files">
      <UniqueIdentifier>{67DA6AB6-F800-4c08-8B7A-83BB121AAD01}</UniqueIdentifier>
      <Extensions>rc;ico;cur;bmp;dlg;rc2;rct;bin;rgs;gif;jpg;jpeg;jpe;resx;tiff;tif;png;wav;mfcribbon-ms</Extensions>
    </Filter>
    <Filter Include="Utilities">
      <UniqueIdentifier>{a73f6ba3-7a36-496e-964c-ee2fd4d25940}</UniqueIdentifier>
    </Filter>
    <Filter Include="Windows">
      <UniqueIdentifier>{c8056110-6211-4b12-aaca-61932d16346f}</UniqueIdentifier>
    </Filter>
    <Filter Include="Windows\MainMenu">
      <UniqueIdentifier>{dc47eb01-07af-4ae1-90b1-253c91cb83f8}</UniqueIdentifier>
    </Filter>
    <Filter Include="Windows\HighScore">
      <UniqueIdentifier>{f5d5c38f-263f-4833-9f2f-09e4d3b5df30}</UniqueIdentifier>
    </Filter>
    <Filter Include="Windows\About">
      <UniqueIdentifier>{3f0989fc-1d09-4279-b6c2-44f442ca5722}</UniqueIdentifier>
    </Filter>
    <Filter Include="Windows\PlayGame">
      <UniqueIdentifier>{9cd5c738-63a9-4c8f-9c5c-3c5e20115d7b}</UniqueIdentifier>
    </Filter>
    <Filter Include="Windows\PlayGame\NewGame">
      <UniqueIdentifier>{4a8615bd-f641-4829-be45-22d2bd4f1c3d}</UniqueIdentifier>
    </Filter>
    <Filter Include="Windows\PlayGame\LoadGame">
      <UniqueIdentifier>{ae2781e8-dd23-4438-ba34-8b08c1c24081}</UniqueIdentifier>
    </Filter>
  </ItemGroup>
  <ItemGroup>
    <ClCompile Include="CrossingGame.cpp">
      <Filter>Source Files</Filter>
    </ClCompile>
    <ClCompile Include="ConsoleHelper.cpp">
      <Filter>Utilities</Filter>
    </ClCompile>
    <ClCompile Include="UIHelper.cpp">
      <Filter>Utilities</Filter>
    </ClCompile>
    <ClCompile Include="MainGame.cpp">
      <Filter>Windows</Filter>
    </ClCompile>
    <ClCompile Include="About.cpp">
      <Filter>Windows\About</Filter>
    </ClCompile>
    <ClCompile Include="HighScore.cpp">
      <Filter>Windows\HighScore</Filter>
    </ClCompile>
  </ItemGroup>
  <ItemGroup>
    <ClInclude Include="ConsoleHelper.h">
      <Filter>Utilities</Filter>
    </ClInclude>
    <ClInclude Include="UIHelper.h">
      <Filter>Utilities</Filter>
    </ClInclude>
    <ClInclude Include="MainGame.h">
      <Filter>Windows</Filter>
    </ClInclude>
    <ClInclude Include="About.h">
      <Filter>Windows\About</Filter>
    </ClInclude>
    <ClInclude Include="HighScore.h">
      <Filter>Windows\HighScore</Filter>
    </ClInclude>
  </ItemGroup>
</Project>